{
  "object": {
    "pins": [
      {
        "package": "JWT",
        "repositoryURL": "https://github.com/bytethenoodle/JSONWebToken.swift",
        "state": {
          "branch": "bytethenoodle/iOS",
          "revision": "fbcc20a195021782db5cfb43fef6d1f76ad64302",
          "version": null
        }
      }
    ]
  },
  "version": 1
}
